{
  "requires": true,
  "lockfileVersion": 1,
  "dependencies": {
    "@babel/helper-module-imports": {
      "version": "7.0.0-beta.51",
      "resolved": "http://qemotion-npm-registry.jpcpai2btq.eu-west-1.elasticbeanstalk.com/@babel%2fhelper-module-imports/-/helper-module-imports-7.0.0-beta.51.tgz",
      "integrity": "sha1-zgBCgEX7t9XrwOp7+DV4nxU2arI=",
      "requires": {
        "@babel/types": "7.0.0-beta.51",
        "lodash": "4.17.10"
      }
    },
    "@babel/types": {
      "version": "7.0.0-beta.51",
      "resolved": "http://qemotion-npm-registry.jpcpai2btq.eu-west-1.elasticbeanstalk.com/@babel%2ftypes/-/types-7.0.0-beta.51.tgz",
      "integrity": "sha1-2AK3tUO1g2x3iqaReXq/APPZfqk=",
      "requires": {
        "esutils": "2.0.2",
        "lodash": "4.17.10",
        "to-fast-properties": "2.0.0"
      }
    },
    "@emotion/babel-utils": {
      "version": "0.6.9",
      "resolved": "http://qemotion-npm-registry.jpcpai2btq.eu-west-1.elasticbeanstalk.com/@emotion%2fbabel-utils/-/babel-utils-0.6.9.tgz",
      "integrity": "sha512-QN2+TP+x5QWuOGUv8TZwdMiF8PHgBQiLx646rKZBnakgc9gLYFi+gsROVxE6YTNHSaEv0fWsFjDasDyiWSJlDg==",
      "requires": {
        "@emotion/hash": "0.6.5",
        "@emotion/memoize": "0.6.5",
        "@emotion/serialize": "0.9.0",
        "convert-source-map": "1.6.0",
        "find-root": "1.1.0",
        "source-map": "0.7.3"
      },
      "dependencies": {
        "source-map": {
          "version": "0.7.3",
          "resolved": "http://qemotion-npm-registry.jpcpai2btq.eu-west-1.elasticbeanstalk.com/source-map/-/source-map-0.7.3.tgz",
          "integrity": "sha512-CkCj6giN3S+n9qrYiBTX5gystlENnRW5jZeNLHpe6aue+SrHcG5VYwujhW9s4dY31mEGsxBDrHR6oI69fTXsaQ=="
        }
      }
    },
    "@emotion/hash": {
      "version": "0.6.5",
      "resolved": "http://qemotion-npm-registry.jpcpai2btq.eu-west-1.elasticbeanstalk.com/@emotion%2fhash/-/hash-0.6.5.tgz",
      "integrity": "sha512-JlZbn5+adseTdDPTUkx/O1/UZbhaGR5fCLLWQDCIJ4eP9fJcVdP/qjlTveEX6mkNoJHWFbZ47wArWQQ0Qk6nMA=="
    },
    "@emotion/memoize": {
      "version": "0.6.5",
      "resolved": "http://qemotion-npm-registry.jpcpai2btq.eu-west-1.elasticbeanstalk.com/@emotion%2fmemoize/-/memoize-0.6.5.tgz",
      "integrity": "sha512-n1USr7yICA4LFIv7z6kKsXM8rZJxd1btKCBmDewlit+3OJ2j4bDfgXTAxTHYbPkHS/eztHmFWfsbxW2Pu5mDqA=="
    },
    "@emotion/serialize": {
      "version": "0.9.0",
      "resolved": "http://qemotion-npm-registry.jpcpai2btq.eu-west-1.elasticbeanstalk.com/@emotion%2fserialize/-/serialize-0.9.0.tgz",
      "integrity": "sha512-ScuBRGxHCyAEN8YgQSsxtG5ddmP9+Of8WkxC7hidhGTxKhq3lgeCu5cFk2WdAMrpYgEd0U4g4QW/1YrCOGpAsA==",
      "requires": {
        "@emotion/hash": "0.6.5",
        "@emotion/memoize": "0.6.5",
        "@emotion/unitless": "0.6.6",
        "@emotion/utils": "0.8.1"
      }
    },
    "@emotion/stylis": {
      "version": "0.7.0",
      "resolved": "http://qemotion-npm-registry.jpcpai2btq.eu-west-1.elasticbeanstalk.com/@emotion%2fstylis/-/stylis-0.7.0.tgz",
      "integrity": "sha512-DTq3Wo4p63JoogA5TaVKZHj7QcU32kRF+iKLWJnfGlIw4S+v90rVHX8pLQETKILWXk05iZ2b0KUKFMTAHYbytw=="
    },
    "@emotion/unitless": {
      "version": "0.6.6",
      "resolved": "http://qemotion-npm-registry.jpcpai2btq.eu-west-1.elasticbeanstalk.com/@emotion%2funitless/-/unitless-0.6.6.tgz",
      "integrity": "sha512-zbd1vXRpGWCgDLsXqITReL+eqYJ95PYyWrVCCuMLBDb2LGA/HdxrZHJri6Fe+tKHihBOiCK1kbu+3Ij8aNEjzA=="
    },
    "@emotion/utils": {
      "version": "0.8.1",
      "resolved": "http://qemotion-npm-registry.jpcpai2btq.eu-west-1.elasticbeanstalk.com/@emotion%2futils/-/utils-0.8.1.tgz",
      "integrity": "sha512-dEv1n+IFtlvLQ8/FsTOtBCC1aNT4B5abE8ODF5wk2tpWnjvgGNRMvHCeJGbVHjFfer4h8MH2w9c2/6eoJHclMg=="
    },
    "@fortawesome/fontawesome-free": {
      "version": "5.3.1",
      "resolved": "http://qemotion-npm-registry.jpcpai2btq.eu-west-1.elasticbeanstalk.com/@fortawesome%2ffontawesome-free/-/fontawesome-free-5.3.1.tgz",
      "integrity": "sha512-jt6yi7iZVtkY9Jc6zFo+G2vqL4M81pb3IA3WmnnDt9ci7Asz+mPg4gbZL8pjx0nGFBsG0Bmd7BjU9IQkebqxFA=="
    },
    "abbrev": {
      "version": "1.1.1",
      "resolved": "http://qemotion-npm-registry.jpcpai2btq.eu-west-1.elasticbeanstalk.com/abbrev/-/abbrev-1.1.1.tgz",
      "integrity": "sha512-nne9/IiQ/hzIhY6pdDnbBtz7DjPTKrY00P/zvPSm5pOFkl6xuGrGnXn/VtTNNfNtAfZ9/1RtehkszU9qcTii0Q=="
    },
    "ansi-regex": {
      "version": "2.1.1",
      "resolved": "http://qemotion-npm-registry.jpcpai2btq.eu-west-1.elasticbeanstalk.com/ansi-regex/-/ansi-regex-2.1.1.tgz",
      "integrity": "sha1-w7M6te42DYbg5ijwRorn7yfWVN8="
    },
    "ansi-styles": {
      "version": "2.2.1",
      "resolved": "http://qemotion-npm-registry.jpcpai2btq.eu-west-1.elasticbeanstalk.com/ansi-styles/-/ansi-styles-2.2.1.tgz",
      "integrity": "sha1-tDLdM1i2NM914eRmQ2gkBTPB3b4="
    },
    "argparse": {
      "version": "1.0.10",
      "resolved": "http://qemotion-npm-registry.jpcpai2btq.eu-west-1.elasticbeanstalk.com/argparse/-/argparse-1.0.10.tgz",
      "integrity": "sha512-o5Roy6tNG4SL/FOkCAN6RzjiakZS25RLYFrcMttJqbdd8BWrnA+fGz57iN5Pb06pvBGvl5gQ0B48dJlslXvoTg==",
      "requires": {
        "sprintf-js": "1.0.3"
      }
    },
    "babel-code-frame": {
      "version": "6.26.0",
      "resolved": "http://qemotion-npm-registry.jpcpai2btq.eu-west-1.elasticbeanstalk.com/babel-code-frame/-/babel-code-frame-6.26.0.tgz",
      "integrity": "sha1-Y/1D99weO7fONZR9uP42mj9Yx0s=",
      "requires": {
        "chalk": "1.1.3",
        "esutils": "2.0.2",
        "js-tokens": "3.0.2"
      },
      "dependencies": {
        "js-tokens": {
          "version": "3.0.2",
          "resolved": "http://qemotion-npm-registry.jpcpai2btq.eu-west-1.elasticbeanstalk.com/js-tokens/-/js-tokens-3.0.2.tgz",
          "integrity": "sha1-mGbfOVECEw449/mWvOtlRDIJwls="
        }
      }
    },
    "babel-core": {
      "version": "6.26.3",
      "resolved": "http://qemotion-npm-registry.jpcpai2btq.eu-west-1.elasticbeanstalk.com/babel-core/-/babel-core-6.26.3.tgz",
      "integrity": "sha512-6jyFLuDmeidKmUEb3NM+/yawG0M2bDZ9Z1qbZP59cyHLz8kYGKYwpJP0UwUKKUiTRNvxfLesJnTedqczP7cTDA==",
      "requires": {
        "babel-code-frame": "6.26.0",
        "babel-generator": "6.26.1",
        "babel-helpers": "6.24.1",
        "babel-messages": "6.23.0",
        "babel-register": "6.26.0",
        "babel-runtime": "6.26.0",
        "babel-template": "6.26.0",
        "babel-traverse": "6.26.0",
        "babel-types": "6.26.0",
        "babylon": "6.18.0",
        "convert-source-map": "1.6.0",
        "debug": "2.6.9",
        "json5": "0.5.1",
        "lodash": "4.17.10",
        "minimatch": "3.0.4",
        "path-is-absolute": "1.0.1",
        "private": "0.1.8",
        "slash": "1.0.0",
        "source-map": "0.5.7"
      }
    },
    "babel-generator": {
      "version": "6.26.1",
      "resolved": "http://qemotion-npm-registry.jpcpai2btq.eu-west-1.elasticbeanstalk.com/babel-generator/-/babel-generator-6.26.1.tgz",
      "integrity": "sha512-HyfwY6ApZj7BYTcJURpM5tznulaBvyio7/0d4zFOeMPUmfxkCjHocCuoLa2SAGzBI8AREcH3eP3758F672DppA==",
      "requires": {
        "babel-messages": "6.23.0",
        "babel-runtime": "6.26.0",
        "babel-types": "6.26.0",
        "detect-indent": "4.0.0",
        "jsesc": "1.3.0",
        "lodash": "4.17.10",
        "source-map": "0.5.7",
        "trim-right": "1.0.1"
      }
    },
    "babel-helpers": {
      "version": "6.24.1",
      "resolved": "http://qemotion-npm-registry.jpcpai2btq.eu-west-1.elasticbeanstalk.com/babel-helpers/-/babel-helpers-6.24.1.tgz",
      "integrity": "sha1-NHHenK7DiOXIUOWX5Yom3fN2ArI=",
      "requires": {
        "babel-runtime": "6.26.0",
        "babel-template": "6.26.0"
      }
    },
    "babel-messages": {
      "version": "6.23.0",
      "resolved": "http://qemotion-npm-registry.jpcpai2btq.eu-west-1.elasticbeanstalk.com/babel-messages/-/babel-messages-6.23.0.tgz",
      "integrity": "sha1-8830cDhYA1sqKVHG7F7fbGLyYw4=",
      "requires": {
        "babel-runtime": "6.26.0"
      }
    },
    "babel-plugin-emotion": {
      "version": "9.2.8",
      "resolved": "http://qemotion-npm-registry.jpcpai2btq.eu-west-1.elasticbeanstalk.com/babel-plugin-emotion/-/babel-plugin-emotion-9.2.8.tgz",
      "integrity": "sha512-m+M0Xim43+y3Egpl0C4Zz5dI0f7JaBi6GZF1vtr1IdODRpxWOx47uzr7qXyuBCG/U/nB2DGaU996of0nJjwWbw==",
      "requires": {
        "@babel/helper-module-imports": "7.0.0-beta.51",
        "@emotion/babel-utils": "0.6.9",
        "@emotion/hash": "0.6.5",
        "@emotion/memoize": "0.6.5",
        "@emotion/stylis": "0.7.0",
        "babel-core": "6.26.3",
        "babel-plugin-macros": "2.4.0",
        "babel-plugin-syntax-jsx": "6.18.0",
        "convert-source-map": "1.6.0",
        "find-root": "1.1.0",
        "mkdirp": "0.5.1",
        "source-map": "0.5.7",
        "touch": "1.0.0"
      }
    },
    "babel-plugin-macros": {
      "version": "2.4.0",
      "resolved": "http://qemotion-npm-registry.jpcpai2btq.eu-west-1.elasticbeanstalk.com/babel-plugin-macros/-/babel-plugin-macros-2.4.0.tgz",
      "integrity": "sha512-flIBfrqAdHWn+4l2cS/4jZEyl+m5EaBHVzTb0aOF+eu/zR7E41/MoCFHPhDNL8Wzq1nyelnXeT+vcL2byFLSZw==",
      "requires": {
        "cosmiconfig": "5.0.6"
      }
    },
    "babel-plugin-syntax-jsx": {
      "version": "6.18.0",
      "resolved": "http://qemotion-npm-registry.jpcpai2btq.eu-west-1.elasticbeanstalk.com/babel-plugin-syntax-jsx/-/babel-plugin-syntax-jsx-6.18.0.tgz",
      "integrity": "sha1-CvMqmm4Tyno/1QaeYtew9Y0NiUY="
    },
    "babel-register": {
      "version": "6.26.0",
      "resolved": "http://qemotion-npm-registry.jpcpai2btq.eu-west-1.elasticbeanstalk.com/babel-register/-/babel-register-6.26.0.tgz",
      "integrity": "sha1-btAhFz4vy0htestFxgCahW9kcHE=",
      "requires": {
        "babel-core": "6.26.3",
        "babel-runtime": "6.26.0",
        "core-js": "2.5.7",
        "home-or-tmp": "2.0.0",
        "lodash": "4.17.10",
        "mkdirp": "0.5.1",
        "source-map-support": "0.4.18"
      }
    },
    "babel-runtime": {
      "version": "6.26.0",
      "resolved": "http://qemotion-npm-registry.jpcpai2btq.eu-west-1.elasticbeanstalk.com/babel-runtime/-/babel-runtime-6.26.0.tgz",
      "integrity": "sha1-llxwWGaOgrVde/4E/yM3vItWR/4=",
      "requires": {
        "core-js": "2.5.7",
        "regenerator-runtime": "0.11.1"
      }
    },
    "babel-template": {
      "version": "6.26.0",
      "resolved": "http://qemotion-npm-registry.jpcpai2btq.eu-west-1.elasticbeanstalk.com/babel-template/-/babel-template-6.26.0.tgz",
      "integrity": "sha1-3gPi0WOWsGn0bdn/+FIfsaDjXgI=",
      "requires": {
        "babel-runtime": "6.26.0",
        "babel-traverse": "6.26.0",
        "babel-types": "6.26.0",
        "babylon": "6.18.0",
        "lodash": "4.17.10"
      }
    },
    "babel-traverse": {
      "version": "6.26.0",
      "resolved": "http://qemotion-npm-registry.jpcpai2btq.eu-west-1.elasticbeanstalk.com/babel-traverse/-/babel-traverse-6.26.0.tgz",
      "integrity": "sha1-RqnL1+3MYsjlwGTi0tjQ9ANXZu4=",
      "requires": {
        "babel-code-frame": "6.26.0",
        "babel-messages": "6.23.0",
        "babel-runtime": "6.26.0",
        "babel-types": "6.26.0",
        "babylon": "6.18.0",
        "debug": "2.6.9",
        "globals": "9.18.0",
        "invariant": "2.2.4",
        "lodash": "4.17.10"
      }
    },
    "babel-types": {
      "version": "6.26.0",
      "resolved": "http://qemotion-npm-registry.jpcpai2btq.eu-west-1.elasticbeanstalk.com/babel-types/-/babel-types-6.26.0.tgz",
      "integrity": "sha1-o7Bz+Uq0nrb6Vc1lInozQ4BjJJc=",
      "requires": {
        "babel-runtime": "6.26.0",
        "esutils": "2.0.2",
        "lodash": "4.17.10",
        "to-fast-properties": "1.0.3"
      },
      "dependencies": {
        "to-fast-properties": {
          "version": "1.0.3",
          "resolved": "http://qemotion-npm-registry.jpcpai2btq.eu-west-1.elasticbeanstalk.com/to-fast-properties/-/to-fast-properties-1.0.3.tgz",
          "integrity": "sha1-uDVx+k2MJbguIxsG46MFXeTKGkc="
        }
      }
    },
    "babylon": {
      "version": "6.18.0",
      "resolved": "http://qemotion-npm-registry.jpcpai2btq.eu-west-1.elasticbeanstalk.com/babylon/-/babylon-6.18.0.tgz",
      "integrity": "sha512-q/UEjfGJ2Cm3oKV71DJz9d25TPnq5rhBVL2Q4fA5wcC3jcrdn7+SssEybFIxwAvvP+YCsCYNKughoF33GxgycQ=="
    },
    "balanced-match": {
      "version": "1.0.0",
      "resolved": "http://qemotion-npm-registry.jpcpai2btq.eu-west-1.elasticbeanstalk.com/balanced-match/-/balanced-match-1.0.0.tgz",
      "integrity": "sha1-ibTRmasr7kneFk6gK4nORi1xt2c="
    },
    "bootstrap": {
      "version": "4.1.3",
      "resolved": "http://qemotion-npm-registry.jpcpai2btq.eu-west-1.elasticbeanstalk.com/bootstrap/-/bootstrap-4.1.3.tgz",
      "integrity": "sha512-rDFIzgXcof0jDyjNosjv4Sno77X4KuPeFxG2XZZv1/Kc8DRVGVADdoQyyOVDwPqL36DDmtCQbrpMCqvpPLJQ0w=="
    },
    "brace-expansion": {
      "version": "1.1.11",
      "resolved": "http://qemotion-npm-registry.jpcpai2btq.eu-west-1.elasticbeanstalk.com/brace-expansion/-/brace-expansion-1.1.11.tgz",
      "integrity": "sha512-iCuPHDFgrHX7H2vEI/5xpz07zSHB00TpugqhmYtVmMO6518mCuRMoOYFldEBl0g187ufozdaHgWKcYFb61qGiA==",
      "requires": {
        "balanced-match": "1.0.0",
        "concat-map": "0.0.1"
      }
    },
    "chalk": {
      "version": "1.1.3",
      "resolved": "http://qemotion-npm-registry.jpcpai2btq.eu-west-1.elasticbeanstalk.com/chalk/-/chalk-1.1.3.tgz",
      "integrity": "sha1-qBFcVeSnAv5NFQq9OHKCKn4J/Jg=",
      "requires": {
        "ansi-styles": "2.2.1",
        "escape-string-regexp": "1.0.5",
        "has-ansi": "2.0.0",
        "strip-ansi": "3.0.1",
        "supports-color": "2.0.0"
      }
    },
    "classnames": {
      "version": "2.2.6",
      "resolved": "http://qemotion-npm-registry.jpcpai2btq.eu-west-1.elasticbeanstalk.com/classnames/-/classnames-2.2.6.tgz",
      "integrity": "sha512-JR/iSQOSt+LQIWwrwEzJ9uk0xfN3mTVYMwt1Ir5mUcSN6pU+V4zQFFaJsclJbPuAUQH+yfWef6tm7l1quW3C8Q=="
    },
    "concat-map": {
      "version": "0.0.1",
      "resolved": "http://qemotion-npm-registry.jpcpai2btq.eu-west-1.elasticbeanstalk.com/concat-map/-/concat-map-0.0.1.tgz",
      "integrity": "sha1-2Klr13/Wjfd5OnMDajug1UBdR3s="
    },
    "convert-source-map": {
      "version": "1.6.0",
      "resolved": "http://qemotion-npm-registry.jpcpai2btq.eu-west-1.elasticbeanstalk.com/convert-source-map/-/convert-source-map-1.6.0.tgz",
      "integrity": "sha512-eFu7XigvxdZ1ETfbgPBohgyQ/Z++C0eEhTor0qRwBw9unw+L0/6V8wkSuGgzdThkiS5lSpdptOQPD8Ak40a+7A==",
      "requires": {
        "safe-buffer": "5.1.2"
      }
    },
    "core-js": {
      "version": "2.5.7",
      "resolved": "http://qemotion-npm-registry.jpcpai2btq.eu-west-1.elasticbeanstalk.com/core-js/-/core-js-2.5.7.tgz",
      "integrity": "sha512-RszJCAxg/PP6uzXVXL6BsxSXx/B05oJAQ2vkJRjyjrEcNVycaqOmNb5OTxZPE3xa5gwZduqza6L9JOCenh/Ecw=="
    },
    "cosmiconfig": {
      "version": "5.0.6",
      "resolved": "http://qemotion-npm-registry.jpcpai2btq.eu-west-1.elasticbeanstalk.com/cosmiconfig/-/cosmiconfig-5.0.6.tgz",
      "integrity": "sha512-6DWfizHriCrFWURP1/qyhsiFvYdlJzbCzmtFWh744+KyWsJo5+kPzUZZaMRSSItoYc0pxFX7gEO7ZC1/gN/7AQ==",
      "requires": {
        "is-directory": "0.3.1",
        "js-yaml": "3.12.0",
        "parse-json": "4.0.0"
      }
    },
    "create-emotion": {
      "version": "9.2.6",
      "resolved": "http://qemotion-npm-registry.jpcpai2btq.eu-west-1.elasticbeanstalk.com/create-emotion/-/create-emotion-9.2.6.tgz",
      "integrity": "sha512-4g46va26lw6DPfKF7HeWY3OI/qoaNSwpvO+li8dMydZfC6f6+ZffwlYHeIyAhGR8Z8C8c0H9J1pJbQRtb9LScw==",
      "requires": {
        "@emotion/hash": "0.6.5",
        "@emotion/memoize": "0.6.5",
        "@emotion/stylis": "0.6.12",
        "@emotion/unitless": "0.6.6",
        "csstype": "2.5.6",
        "stylis": "3.5.3",
        "stylis-rule-sheet": "0.0.10"
      },
      "dependencies": {
        "@emotion/stylis": {
          "version": "0.6.12",
          "resolved": "http://qemotion-npm-registry.jpcpai2btq.eu-west-1.elasticbeanstalk.com/@emotion%2fstylis/-/stylis-0.6.12.tgz",
          "integrity": "sha512-yS+t7l5FeYeiIyADyqjFBJvdotpphHb2S3mP4qak5BpV7ODvxuyAVF24IchEslW+A1MWHAhn5SiOW6GZIumiEQ=="
        }
      }
    },
    "csstype": {
      "version": "2.5.6",
      "resolved": "http://qemotion-npm-registry.jpcpai2btq.eu-west-1.elasticbeanstalk.com/csstype/-/csstype-2.5.6.tgz",
      "integrity": "sha512-tKPyhy0FmfYD2KQYXD5GzkvAYLYj96cMLXr648CKGd3wBe0QqoPipImjGiLze9c8leJK8J3n7ap90tpk3E6HGQ=="
    },
    "debug": {
      "version": "2.6.9",
      "resolved": "http://qemotion-npm-registry.jpcpai2btq.eu-west-1.elasticbeanstalk.com/debug/-/debug-2.6.9.tgz",
      "integrity": "sha512-bC7ElrdJaJnPbAP+1EotYvqZsb3ecl5wi6Bfi6BJTUcNowp6cvspg0jXznRTKDjm/E7AdgFBVeAPVMNcKGsHMA==",
      "requires": {
        "ms": "2.0.0"
      }
    },
    "detect-indent": {
      "version": "4.0.0",
      "resolved": "http://qemotion-npm-registry.jpcpai2btq.eu-west-1.elasticbeanstalk.com/detect-indent/-/detect-indent-4.0.0.tgz",
      "integrity": "sha1-920GQ1LN9Docts5hnE7jqUdd4gg=",
      "requires": {
        "repeating": "2.0.1"
      }
    },
    "dom-helpers": {
      "version": "3.3.1",
      "resolved": "http://qemotion-npm-registry.jpcpai2btq.eu-west-1.elasticbeanstalk.com/dom-helpers/-/dom-helpers-3.3.1.tgz",
      "integrity": "sha512-2Sm+JaYn74OiTM2wHvxJOo3roiq/h25Yi69Fqk269cNUwIXsCvATB6CRSFC9Am/20G2b28hGv/+7NiWydIrPvg=="
    },
    "emotion": {
      "version": "9.2.8",
      "resolved": "http://qemotion-npm-registry.jpcpai2btq.eu-west-1.elasticbeanstalk.com/emotion/-/emotion-9.2.8.tgz",
      "integrity": "sha512-4CT7S2+TDcd9qTSosd3VibERAsaZjhraeLxLWRuV6epX5XdHQjeLFqAlion/iT8M3UNQx9bqmlOTd+KaUj2M8Q==",
      "requires": {
        "babel-plugin-emotion": "9.2.8",
        "create-emotion": "9.2.6"
      }
    },
    "error-ex": {
      "version": "1.3.2",
      "resolved": "http://qemotion-npm-registry.jpcpai2btq.eu-west-1.elasticbeanstalk.com/error-ex/-/error-ex-1.3.2.tgz",
      "integrity": "sha512-7dFHNmqeFSEt2ZBsCriorKnn3Z2pj+fd9kmI6QoWw4//DL+icEBfc0U7qJCisqrTsKTjw4fNFy2pW9OqStD84g==",
      "requires": {
        "is-arrayish": "0.2.1"
      }
    },
    "escape-string-regexp": {
      "version": "1.0.5",
      "resolved": "http://qemotion-npm-registry.jpcpai2btq.eu-west-1.elasticbeanstalk.com/escape-string-regexp/-/escape-string-regexp-1.0.5.tgz",
      "integrity": "sha1-G2HAViGQqN/2rjuyzwIAyhMLhtQ="
    },
    "esprima": {
      "version": "4.0.1",
      "resolved": "http://qemotion-npm-registry.jpcpai2btq.eu-west-1.elasticbeanstalk.com/esprima/-/esprima-4.0.1.tgz",
      "integrity": "sha512-eGuFFw7Upda+g4p+QHvnW0RyTX/SVeJBDM/gCtMARO0cLuT2HcEKnTPvhjV6aGeqrCB/sbNop0Kszm0jsaWU4A=="
    },
    "esutils": {
      "version": "2.0.2",
      "resolved": "http://qemotion-npm-registry.jpcpai2btq.eu-west-1.elasticbeanstalk.com/esutils/-/esutils-2.0.2.tgz",
      "integrity": "sha1-Cr9PHKpbyx96nYrMbepPqqBLrJs="
    },
    "find-root": {
      "version": "1.1.0",
      "resolved": "http://qemotion-npm-registry.jpcpai2btq.eu-west-1.elasticbeanstalk.com/find-root/-/find-root-1.1.0.tgz",
      "integrity": "sha512-NKfW6bec6GfKc0SGx1e07QZY9PE99u0Bft/0rzSD5k3sO/vwkVUpDUKVm5Gpp5Ue3YfShPFTX2070tDs5kB9Ng=="
    },
    "globals": {
      "version": "9.18.0",
      "resolved": "http://qemotion-npm-registry.jpcpai2btq.eu-west-1.elasticbeanstalk.com/globals/-/globals-9.18.0.tgz",
      "integrity": "sha512-S0nG3CLEQiY/ILxqtztTWH/3iRRdyBLw6KMDxnKMchrtbj2OFmehVh0WUCfW3DUrIgx/qFrJPICrq4Z4sTR9UQ=="
    },
    "has-ansi": {
      "version": "2.0.0",
      "resolved": "http://qemotion-npm-registry.jpcpai2btq.eu-west-1.elasticbeanstalk.com/has-ansi/-/has-ansi-2.0.0.tgz",
      "integrity": "sha1-NPUEnOHs3ysGSa8+8k5F7TVBbZE=",
      "requires": {
        "ansi-regex": "2.1.1"
      }
    },
    "hoist-non-react-statics": {
      "version": "2.5.5",
      "resolved": "http://qemotion-npm-registry.jpcpai2btq.eu-west-1.elasticbeanstalk.com/hoist-non-react-statics/-/hoist-non-react-statics-2.5.5.tgz",
      "integrity": "sha512-rqcy4pJo55FTTLWt+bU8ukscqHeE/e9KWvsOW2b/a3afxQZhwkQdT1rPPCJ0rYXdj4vNcasY8zHTH+jF/qStxw=="
    },
    "home-or-tmp": {
      "version": "2.0.0",
      "resolved": "http://qemotion-npm-registry.jpcpai2btq.eu-west-1.elasticbeanstalk.com/home-or-tmp/-/home-or-tmp-2.0.0.tgz",
      "integrity": "sha1-42w/LSyufXRqhX440Y1fMqeILbg=",
      "requires": {
        "os-homedir": "1.0.2",
        "os-tmpdir": "1.0.2"
      }
    },
    "invariant": {
      "version": "2.2.4",
      "resolved": "http://qemotion-npm-registry.jpcpai2btq.eu-west-1.elasticbeanstalk.com/invariant/-/invariant-2.2.4.tgz",
      "integrity": "sha512-phJfQVBuaJM5raOpJjSfkiD6BpbCE4Ns//LaXl6wGYtUBY83nWS6Rf9tXm2e8VaK60JEjYldbPif/A2B1C2gNA==",
      "requires": {
        "loose-envify": "1.4.0"
      }
    },
    "is-arrayish": {
      "version": "0.2.1",
      "resolved": "http://qemotion-npm-registry.jpcpai2btq.eu-west-1.elasticbeanstalk.com/is-arrayish/-/is-arrayish-0.2.1.tgz",
      "integrity": "sha1-d8mYQFJ6qOyxqLppe4BkWnqSap0="
    },
    "is-directory": {
      "version": "0.3.1",
      "resolved": "http://qemotion-npm-registry.jpcpai2btq.eu-west-1.elasticbeanstalk.com/is-directory/-/is-directory-0.3.1.tgz",
      "integrity": "sha1-YTObbyR1/Hcv2cnYP1yFddwVSuE="
    },
    "is-finite": {
      "version": "1.0.2",
      "resolved": "http://qemotion-npm-registry.jpcpai2btq.eu-west-1.elasticbeanstalk.com/is-finite/-/is-finite-1.0.2.tgz",
      "integrity": "sha1-zGZ3aVYCvlUO8R6LSqYwU0K20Ko=",
      "requires": {
        "number-is-nan": "1.0.1"
      }
    },
    "js-tokens": {
      "version": "4.0.0",
      "resolved": "http://qemotion-npm-registry.jpcpai2btq.eu-west-1.elasticbeanstalk.com/js-tokens/-/js-tokens-4.0.0.tgz",
      "integrity": "sha512-RdJUflcE3cUzKiMqQgsCu06FPu9UdIJO0beYbPhHN4k6apgJtifcoCtT9bcxOpYBtpD2kCM6Sbzg4CausW/PKQ=="
    },
    "js-yaml": {
      "version": "3.12.0",
      "resolved": "http://qemotion-npm-registry.jpcpai2btq.eu-west-1.elasticbeanstalk.com/js-yaml/-/js-yaml-3.12.0.tgz",
      "integrity": "sha512-PIt2cnwmPfL4hKNwqeiuz4bKfnzHTBv6HyVgjahA6mPLwPDzjDWrplJBMjHUFxku/N3FlmrbyPclad+I+4mJ3A==",
      "requires": {
        "argparse": "1.0.10",
        "esprima": "4.0.1"
      }
    },
    "jsesc": {
      "version": "1.3.0",
      "resolved": "http://qemotion-npm-registry.jpcpai2btq.eu-west-1.elasticbeanstalk.com/jsesc/-/jsesc-1.3.0.tgz",
      "integrity": "sha1-RsP+yMGJKxKwgz25vHYiF226s0s="
    },
    "json-parse-better-errors": {
      "version": "1.0.2",
      "resolved": "http://qemotion-npm-registry.jpcpai2btq.eu-west-1.elasticbeanstalk.com/json-parse-better-errors/-/json-parse-better-errors-1.0.2.tgz",
      "integrity": "sha512-mrqyZKfX5EhL7hvqcV6WG1yYjnjeuYDzDhhcAAUrq8Po85NBQBJP+ZDUT75qZQ98IkUoBqdkExkukOU7Ts2wrw=="
    },
    "json5": {
      "version": "0.5.1",
      "resolved": "http://qemotion-npm-registry.jpcpai2btq.eu-west-1.elasticbeanstalk.com/json5/-/json5-0.5.1.tgz",
      "integrity": "sha1-Hq3nrMASA0rYTiOWdn6tn6VJWCE="
    },
    "lodash": {
      "version": "4.17.10",
      "resolved": "http://qemotion-npm-registry.jpcpai2btq.eu-west-1.elasticbeanstalk.com/lodash/-/lodash-4.17.10.tgz",
      "integrity": "sha512-UejweD1pDoXu+AD825lWwp4ZGtSwgnpZxb3JDViD7StjQz+Nb/6l093lx4OQ0foGWNRoc19mWy7BzL+UAK2iVg=="
    },
    "lodash-es": {
      "version": "4.17.10",
      "resolved": "http://qemotion-npm-registry.jpcpai2btq.eu-west-1.elasticbeanstalk.com/lodash-es/-/lodash-es-4.17.10.tgz",
      "integrity": "sha512-iesFYPmxYYGTcmQK0sL8bX3TGHyM6b2qREaB4kamHfQyfPJP0xgoGxp19nsH16nsfquLdiyKyX3mQkfiSGV8Rg=="
    },
    "loose-envify": {
      "version": "1.4.0",
      "resolved": "http://qemotion-npm-registry.jpcpai2btq.eu-west-1.elasticbeanstalk.com/loose-envify/-/loose-envify-1.4.0.tgz",
      "integrity": "sha512-lyuxPGr/Wfhrlem2CL/UcnUc1zcqKAImBDzukY7Y5F/yQiNdko6+fRLevlw1HgMySw7f611UIY408EtxRSoK3Q==",
      "requires": {
        "js-tokens": "4.0.0"
      }
    },
    "memoize-one": {
      "version": "4.0.2",
      "resolved": "http://qemotion-npm-registry.jpcpai2btq.eu-west-1.elasticbeanstalk.com/memoize-one/-/memoize-one-4.0.2.tgz",
      "integrity": "sha512-ucx2DmXTeZTsS4GPPUZCbULAN7kdPT1G+H49Y34JjbQ5ESc6OGhVxKvb1iKhr9v19ZB9OtnHwNnhUnNR/7Wteg=="
    },
    "minimatch": {
      "version": "3.0.4",
      "resolved": "http://qemotion-npm-registry.jpcpai2btq.eu-west-1.elasticbeanstalk.com/minimatch/-/minimatch-3.0.4.tgz",
      "integrity": "sha512-yJHVQEhyqPLUTgt9B83PXu6W3rx4MvvHvSUvToogpwoGDOUQ+yDrR0HRot+yOCdCO7u4hX3pWft6kWBBcqh0UA==",
      "requires": {
        "brace-expansion": "1.1.11"
      }
    },
    "minimist": {
      "version": "0.0.8",
      "resolved": "http://qemotion-npm-registry.jpcpai2btq.eu-west-1.elasticbeanstalk.com/minimist/-/minimist-0.0.8.tgz",
      "integrity": "sha1-hX/Kv8M5fSYluCKCYuhqp6ARsF0="
    },
    "mkdirp": {
      "version": "0.5.1",
      "resolved": "http://qemotion-npm-registry.jpcpai2btq.eu-west-1.elasticbeanstalk.com/mkdirp/-/mkdirp-0.5.1.tgz",
      "integrity": "sha1-MAV0OOrGz3+MR2fzhkjWaX11yQM=",
      "requires": {
        "minimist": "0.0.8"
      }
    },
    "moment": {
      "version": "2.22.2",
      "resolved": "http://qemotion-npm-registry.jpcpai2btq.eu-west-1.elasticbeanstalk.com/moment/-/moment-2.22.2.tgz",
      "integrity": "sha1-PCV/mDn8DpP/UxSWMiOeuQeD/2Y="
    },
    "ms": {
      "version": "2.0.0",
      "resolved": "http://qemotion-npm-registry.jpcpai2btq.eu-west-1.elasticbeanstalk.com/ms/-/ms-2.0.0.tgz",
      "integrity": "sha1-VgiurfwAvmwpAd9fmGF4jeDVl8g="
    },
    "nopt": {
      "version": "1.0.10",
      "resolved": "http://qemotion-npm-registry.jpcpai2btq.eu-west-1.elasticbeanstalk.com/nopt/-/nopt-1.0.10.tgz",
      "integrity": "sha1-bd0hvSoxQXuScn3Vhfim83YI6+4=",
      "requires": {
        "abbrev": "1.1.1"
      }
    },
    "number-is-nan": {
      "version": "1.0.1",
      "resolved": "http://qemotion-npm-registry.jpcpai2btq.eu-west-1.elasticbeanstalk.com/number-is-nan/-/number-is-nan-1.0.1.tgz",
      "integrity": "sha1-CXtgK1NCKlIsGvuHkDGDNpQaAR0="
    },
    "object-assign": {
      "version": "4.1.1",
      "resolved": "http://qemotion-npm-registry.jpcpai2btq.eu-west-1.elasticbeanstalk.com/object-assign/-/object-assign-4.1.1.tgz",
      "integrity": "sha1-IQmtx5ZYh8/AXLvUQsrIv7s2CGM="
    },
    "os-homedir": {
      "version": "1.0.2",
      "resolved": "http://qemotion-npm-registry.jpcpai2btq.eu-west-1.elasticbeanstalk.com/os-homedir/-/os-homedir-1.0.2.tgz",
      "integrity": "sha1-/7xJiDNuDoM94MFox+8VISGqf7M="
    },
    "os-tmpdir": {
      "version": "1.0.2",
      "resolved": "http://qemotion-npm-registry.jpcpai2btq.eu-west-1.elasticbeanstalk.com/os-tmpdir/-/os-tmpdir-1.0.2.tgz",
      "integrity": "sha1-u+Z0BseaqFxc/sdm/lc0VV36EnQ="
    },
    "parse-json": {
      "version": "4.0.0",
      "resolved": "http://qemotion-npm-registry.jpcpai2btq.eu-west-1.elasticbeanstalk.com/parse-json/-/parse-json-4.0.0.tgz",
      "integrity": "sha1-vjX1Qlvh9/bHRxhPmKeIy5lHfuA=",
      "requires": {
        "error-ex": "1.3.2",
        "json-parse-better-errors": "1.0.2"
      }
    },
    "path-is-absolute": {
      "version": "1.0.1",
      "resolved": "http://qemotion-npm-registry.jpcpai2btq.eu-west-1.elasticbeanstalk.com/path-is-absolute/-/path-is-absolute-1.0.1.tgz",
      "integrity": "sha1-F0uSaHNVNP+8es5r9TpanhtcX18="
    },
    "performance-now": {
      "version": "2.1.0",
      "resolved": "http://qemotion-npm-registry.jpcpai2btq.eu-west-1.elasticbeanstalk.com/performance-now/-/performance-now-2.1.0.tgz",
      "integrity": "sha1-Ywn04OX6kT7BxpMHrjZLSzd8nns="
    },
    "private": {
      "version": "0.1.8",
      "resolved": "http://qemotion-npm-registry.jpcpai2btq.eu-west-1.elasticbeanstalk.com/private/-/private-0.1.8.tgz",
      "integrity": "sha512-VvivMrbvd2nKkiG38qjULzlc+4Vx4wm/whI9pQD35YrARNnhxeiRktSOhSukRLFNlzg6Br/cJPet5J/u19r/mg=="
    },
    "prop-types": {
      "version": "15.6.2",
      "resolved": "http://qemotion-npm-registry.jpcpai2btq.eu-west-1.elasticbeanstalk.com/prop-types/-/prop-types-15.6.2.tgz",
      "integrity": "sha512-3pboPvLiWD7dkI3qf3KbUe6hKFKa52w+AE0VCqECtf+QHAKgOL37tTaNCnuX1nAAQ4ZhyP+kYVKf8rLmJ/feDQ==",
      "requires": {
        "loose-envify": "1.4.0",
        "object-assign": "4.1.1"
      }
    },
    "raf": {
      "version": "3.4.0",
      "resolved": "http://qemotion-npm-registry.jpcpai2btq.eu-west-1.elasticbeanstalk.com/raf/-/raf-3.4.0.tgz",
      "integrity": "sha512-pDP/NMRAXoTfrhCfyfSEwJAKLaxBU9eApMeBPB1TkDouZmvPerIClV8lTAd+uF8ZiTaVl69e1FCxQrAd/VTjGw==",
      "requires": {
        "performance-now": "2.1.0"
      }
    },
    "react-fontawesome": {
      "version": "1.6.1",
      "resolved": "http://qemotion-npm-registry.jpcpai2btq.eu-west-1.elasticbeanstalk.com/react-fontawesome/-/react-fontawesome-1.6.1.tgz",
      "integrity": "sha1-7dzhfn3HMaoJ/UoYZoimF5OhbFw=",
      "requires": {
        "prop-types": "15.6.2"
      }
    },
    "react-input-autosize": {
      "version": "2.2.1",
      "resolved": "http://qemotion-npm-registry.jpcpai2btq.eu-west-1.elasticbeanstalk.com/react-input-autosize/-/react-input-autosize-2.2.1.tgz",
      "integrity": "sha512-3+K4CD13iE4lQQ2WlF8PuV5htfmTRLH6MDnfndHM6LuBRszuXnuyIfE7nhSKt8AzRBZ50bu0sAhkNMeS5pxQQA==",
      "requires": {
        "prop-types": "15.6.2"
      }
    },
    "react-lifecycles-compat": {
      "version": "3.0.4",
      "resolved": "http://qemotion-npm-registry.jpcpai2btq.eu-west-1.elasticbeanstalk.com/react-lifecycles-compat/-/react-lifecycles-compat-3.0.4.tgz",
      "integrity": "sha512-fBASbA6LnOU9dOU2eW7aQ8xmYBSXUIWr+UmF9b1efZBazGNO+rcXT/icdKnYm2pTwcRylVUYwW7H1PHfLekVzA=="
    },
    "react-redux": {
      "version": "5.0.7",
      "resolved": "http://qemotion-npm-registry.jpcpai2btq.eu-west-1.elasticbeanstalk.com/react-redux/-/react-redux-5.0.7.tgz",
      "integrity": "sha512-5VI8EV5hdgNgyjfmWzBbdrqUkrVRKlyTKk1sGH3jzM2M2Mhj/seQgPXaz6gVAj2lz/nz688AdTqMO18Lr24Zhg==",
      "requires": {
        "hoist-non-react-statics": "2.5.5",
        "invariant": "2.2.4",
        "lodash": "4.17.10",
        "lodash-es": "4.17.10",
        "loose-envify": "1.4.0",
        "prop-types": "15.6.2"
      }
    },
    "react-select": {
      "version": "2.0.0",
      "resolved": "http://qemotion-npm-registry.jpcpai2btq.eu-west-1.elasticbeanstalk.com/react-select/-/react-select-2.0.0.tgz",
      "integrity": "sha512-i2yWg8tbsY37iPimIvQ0TtIrAzxgGWQTRDZrZPQ2QVNkyHPxDartMkzf2x2Enm6wRkt9I5+pEKSIcvkwIkkiAQ==",
      "requires": {
        "classnames": "2.2.6",
        "emotion": "9.2.8",
        "memoize-one": "4.0.2",
        "prop-types": "15.6.2",
        "raf": "3.4.0",
        "react-input-autosize": "2.2.1",
        "react-transition-group": "2.4.0"
      }
    },
    "react-transition-group": {
      "version": "2.4.0",
      "resolved": "http://qemotion-npm-registry.jpcpai2btq.eu-west-1.elasticbeanstalk.com/react-transition-group/-/react-transition-group-2.4.0.tgz",
      "integrity": "sha512-Xv5d55NkJUxUzLCImGSanK8Cl/30sgpOEMGc5m86t8+kZwrPxPCPcFqyx83kkr+5Lz5gs6djuvE5By+gce+VjA==",
      "requires": {
        "dom-helpers": "3.3.1",
        "loose-envify": "1.4.0",
        "prop-types": "15.6.2",
        "react-lifecycles-compat": "3.0.4"
      }
    },
    "redux": {
      "version": "4.0.0",
      "resolved": "http://qemotion-npm-registry.jpcpai2btq.eu-west-1.elasticbeanstalk.com/redux/-/redux-4.0.0.tgz",
      "integrity": "sha512-NnnHF0h0WVE/hXyrB6OlX67LYRuaf/rJcbWvnHHEPCF/Xa/AZpwhs/20WyqzQae5x4SD2F9nPObgBh2rxAgLiA==",
      "requires": {
        "loose-envify": "1.4.0",
        "symbol-observable": "1.2.0"
      }
    },
    "redux-thunk": {
      "version": "2.3.0",
      "resolved": "http://qemotion-npm-registry.jpcpai2btq.eu-west-1.elasticbeanstalk.com/redux-thunk/-/redux-thunk-2.3.0.tgz",
      "integrity": "sha512-km6dclyFnmcvxhAcrQV2AkZmPQjzPDjgVlQtR0EQjxZPyJ0BnMf3in1ryuR8A2qU0HldVRfxYXbFSKlI3N7Slw=="
    },
    "regenerator-runtime": {
      "version": "0.11.1",
      "resolved": "http://qemotion-npm-registry.jpcpai2btq.eu-west-1.elasticbeanstalk.com/regenerator-runtime/-/regenerator-runtime-0.11.1.tgz",
      "integrity": "sha512-MguG95oij0fC3QV3URf4V2SDYGJhJnJGqvIIgdECeODCT98wSWDAJ94SSuVpYQUoTcGUIL6L4yNB7j1DFFHSBg=="
    },
    "repeating": {
      "version": "2.0.1",
      "resolved": "http://qemotion-npm-registry.jpcpai2btq.eu-west-1.elasticbeanstalk.com/repeating/-/repeating-2.0.1.tgz",
      "integrity": "sha1-UhTFOpJtNVJwdSf7q0FdvAjQbdo=",
      "requires": {
        "is-finite": "1.0.2"
      }
    },
    "safe-buffer": {
      "version": "5.1.2",
      "resolved": "http://qemotion-npm-registry.jpcpai2btq.eu-west-1.elasticbeanstalk.com/safe-buffer/-/safe-buffer-5.1.2.tgz",
      "integrity": "sha512-Gd2UZBJDkXlY7GbJxfsE8/nvKkUEU1G38c1siN6QP6a9PT9MmHB8GnpscSmMJSoF8LOIrt8ud/wPtojys4G6+g=="
    },
    "slash": {
      "version": "1.0.0",
      "resolved": "http://qemotion-npm-registry.jpcpai2btq.eu-west-1.elasticbeanstalk.com/slash/-/slash-1.0.0.tgz",
      "integrity": "sha1-xB8vbDn8FtHNF61LXYlhFK5HDVU="
    },
    "source-map": {
      "version": "0.5.7",
      "resolved": "http://qemotion-npm-registry.jpcpai2btq.eu-west-1.elasticbeanstalk.com/source-map/-/source-map-0.5.7.tgz",
      "integrity": "sha1-igOdLRAh0i0eoUyA2OpGi6LvP8w="
    },
    "source-map-support": {
      "version": "0.4.18",
      "resolved": "http://qemotion-npm-registry.jpcpai2btq.eu-west-1.elasticbeanstalk.com/source-map-support/-/source-map-support-0.4.18.tgz",
      "integrity": "sha512-try0/JqxPLF9nOjvSta7tVondkP5dwgyLDjVoyMDlmjugT2lRZ1OfsrYTkCd2hkDnJTKRbO/Rl3orm8vlsUzbA==",
      "requires": {
        "source-map": "0.5.7"
      }
    },
    "sprintf-js": {
      "version": "1.0.3",
      "resolved": "http://qemotion-npm-registry.jpcpai2btq.eu-west-1.elasticbeanstalk.com/sprintf-js/-/sprintf-js-1.0.3.tgz",
      "integrity": "sha1-BOaSb2YolTVPPdAVIDYzuFcpfiw="
    },
    "strip-ansi": {
      "version": "3.0.1",
      "resolved": "http://qemotion-npm-registry.jpcpai2btq.eu-west-1.elasticbeanstalk.com/strip-ansi/-/strip-ansi-3.0.1.tgz",
      "integrity": "sha1-ajhfuIU9lS1f8F0Oiq+UJ43GPc8=",
      "requires": {
        "ansi-regex": "2.1.1"
      }
    },
    "stylis": {
      "version": "3.5.3",
      "resolved": "http://qemotion-npm-registry.jpcpai2btq.eu-west-1.elasticbeanstalk.com/stylis/-/stylis-3.5.3.tgz",
      "integrity": "sha512-TxU0aAscJghF9I3V9q601xcK3Uw1JbXvpsBGj/HULqexKOKlOEzzlIpLFRbKkCK990ccuxfXUqmPbIIo7Fq/cQ=="
    },
    "stylis-rule-sheet": {
      "version": "0.0.10",
      "resolved": "http://qemotion-npm-registry.jpcpai2btq.eu-west-1.elasticbeanstalk.com/stylis-rule-sheet/-/stylis-rule-sheet-0.0.10.tgz",
      "integrity": "sha512-nTbZoaqoBnmK+ptANthb10ZRZOGC+EmTLLUxeYIuHNkEKcmKgXX1XWKkUBT2Ac4es3NybooPe0SmvKdhKJZAuw=="
    },
    "supports-color": {
      "version": "2.0.0",
      "resolved": "http://qemotion-npm-registry.jpcpai2btq.eu-west-1.elasticbeanstalk.com/supports-color/-/supports-color-2.0.0.tgz",
      "integrity": "sha1-U10EXOa2Nj+kARcIRimZXp3zJMc="
    },
    "symbol-observable": {
      "version": "1.2.0",
      "resolved": "http://qemotion-npm-registry.jpcpai2btq.eu-west-1.elasticbeanstalk.com/symbol-observable/-/symbol-observable-1.2.0.tgz",
      "integrity": "sha512-e900nM8RRtGhlV36KGEU9k65K3mPb1WV70OdjfxlG2EAuM1noi/E/BaW/uMhL7bPEssK8QV57vN3esixjUvcXQ=="
    },
    "to-fast-properties": {
      "version": "2.0.0",
      "resolved": "http://qemotion-npm-registry.jpcpai2btq.eu-west-1.elasticbeanstalk.com/to-fast-properties/-/to-fast-properties-2.0.0.tgz",
      "integrity": "sha1-3F5pjL0HkmW8c+A3doGk5Og/YW4="
    },
    "touch": {
      "version": "1.0.0",
      "resolved": "http://qemotion-npm-registry.jpcpai2btq.eu-west-1.elasticbeanstalk.com/touch/-/touch-1.0.0.tgz",
      "integrity": "sha1-RJy+LbrlqMgDjjDXH6D/RklHxN4=",
      "requires": {
        "nopt": "1.0.10"
      }
    },
    "trim-right": {
      "version": "1.0.1",
      "resolved": "http://qemotion-npm-registry.jpcpai2btq.eu-west-1.elasticbeanstalk.com/trim-right/-/trim-right-1.0.1.tgz",
      "integrity": "sha1-yy4SAwZ+DI3h9hQJS5/kVwTqYAM="
    }
  }
}
